// !$*UTF8*$!
{
	archiveVersion = 1;
	classes = {
	};
	objectVersion = 46;
	objects = {

/* Begin PBXBuildFile section */
		578A344E1C6D83B800BC8569 /* AppDelegate.swift in Sources */ = {isa = PBXBuildFile; fileRef = 578A344D1C6D83B800BC8569 /* AppDelegate.swift */; };
		578A34501C6D83B800BC8569 /* ViewController.swift in Sources */ = {isa = PBXBuildFile; fileRef = 578A344F1C6D83B800BC8569 /* ViewController.swift */; };
		578A34531C6D83B800BC8569 /* Main.storyboard in Resources */ = {isa = PBXBuildFile; fileRef = 578A34511C6D83B800BC8569 /* Main.storyboard */; };
		578A34551C6D83B800BC8569 /* Assets.xcassets in Resources */ = {isa = PBXBuildFile; fileRef = 578A34541C6D83B800BC8569 /* Assets.xcassets */; };
		578A34581C6D83B800BC8569 /* LaunchScreen.storyboard in Resources */ = {isa = PBXBuildFile; fileRef = 578A34561C6D83B800BC8569 /* LaunchScreen.storyboard */; };
/* End PBXBuildFile section */

/* Begin PBXFileReference section */
		578A344A1C6D83B800BC8569 /* SuperCool.app */ = {isa = PBXFileReference; explicitFileType = wrapper.application; includeInIndex = 0; path = SuperCool.app; sourceTree = BUILT_PRODUCTS_DIR; };
		578A344D1C6D83B800BC8569 /* AppDelegate.swift */ = {isa = PBXFileReference; lastKnownFileType = sourcecode.swift; path = AppDelegate.swift; sourceTree = "<group>"; };
		578A344F1C6D83B800BC8569 /* ViewController.swift */ = {isa = PBXFileReference; lastKnownFileType = sourcecode.swift; path = ViewController.swift; sourceTree = "<group>"; };
		578A34521C6D83B800BC8569 /* Base */ = {isa = PBXFileReference; lastKnownFileType = file.storyboard; name = Base; path = Base.lproj/Main.storyboard; sourceTree = "<group>"; };
		578A34541C6D83B800BC8569 /* Assets.xcassets */ = {isa = PBXFileReference; lastKnownFileType = folder.assetcatalog; path = Assets.xcassets; sourceTree = "<group>"; };
		578A34571C6D83B800BC8569 /* Base */ = {isa = PBXFileReference; lastKnownFileType = file.storyboard; name = Base; path = Base.lproj/LaunchScreen.storyboard; sourceTree = "<group>"; };
		578A34591C6D83B800BC8569 /* Info.plist */ = {isa = PBXFileReference; lastKnownFileType = text.plist.xml; path = Info.plist; sourceTree = "<group>"; };
/* End PBXFileReference section */

/* Begin PBXFrameworksBuildPhase section */
		578A34471C6D83B800BC8569 /* Frameworks */ = {
			isa = PBXFrameworksBuildPhase;
			buildActionMask = 2147483647;
			files = (
			);
			runOnlyForDeploymentPostprocessing = 0;
		};
/* End PBXFrameworksBuildPhase section */

/* Begin PBXGroup section */
		578A34411C6D83B800BC8569 = {
			isa = PBXGroup;
			children = (
				578A344C1C6D83B800BC8569 /* SuperCool */,
				578A344B1C6D83B800BC8569 /* Products */,
			);
			sourceTree = "<group>";
		};
		578A344B1C6D83B800BC8569 /* Products */ = {
			isa = PBXGroup;
			children = (
				578A344A1C6D83B800BC8569 /* SuperCool.app */,
			);
			name = Products;
			sourceTree = "<group>";
		};
		578A344C1C6D83B800BC8569 /* SuperCool */ = {
			isa = PBXGroup;
			children = (
				578A344D1C6D83B800BC8569 /* AppDelegate.swift */,
				578A344F1C6D83B800BC8569 /* ViewController.swift */,
				578A34511C6D83B800BC8569 /* Main.storyboard */,
				578A34541C6D83B800BC8569 /* Assets.xcassets */,
				578A34561C6D83B800BC8569 /* LaunchScreen.storyboard */,
				578A34591C6D83B800BC8569 /* Info.plist */,
			);
			path = SuperCool;
			sourceTree = "<group>";
		};
/* End PBXGroup section */

/* Begin PBXNativeTarget section */
		578A34491C6D83B800BC8569 /* SuperCool */ = {
			isa = PBXNativeTarget;
			buildConfigurationList = 578A345C1C6D83B800BC8569 /* Build configuration list for PBXNativeTarget "SuperCool" */;
			buildPhases = (
				578A34461C6D83B800BC8569 /* Sources */,
				578A34471C6D83B800BC8569 /* Frameworks */,
				578A34481C6D83B800BC8569 /* Resources */,
			);
			buildRules = (
			);
			dependencies = (
			);
			name = SuperCool;
			productName = SuperCool;
			productReference = 578A344A1C6D83B800BC8569 /* SuperCool.app */;
			productType = "com.apple.product-type.application";
		};
/* End PBXNativeTarget section */

/* Begin PBXProject section */
		578A34421C6D83B800BC8569 /* Project object */ = {
			isa = PBXProject;
			attributes = {
				LastSwiftUpdateCheck = 0720;
				LastUpgradeCheck = 0720;
				ORGANIZATIONNAME = "Vasudeva Rao";
				TargetAttributes = {
					578A34491C6D83B800BC8569 = {
						CreatedOnToolsVersion = 7.2.1;
					};
				};
			};
			buildConfigurationList = 578A34451C6D83B800BC8569 /* Build configuration list for PBXProject "SuperCool" */;
			compatibilityVersion = "Xcode 3.2";
			developmentRegion = English;
			hasScannedForEncodings = 0;
			knownRegions = (
				en,
				Base,
			);
			mainGroup = 578A34411C6D83B800BC8569;
			productRefGroup = 578A344B1C6D83B800BC8569 /* Products */;
			projectDirPath = "";
			projectRoot = "";
			targets = (
				578A34491C6D83B800BC8569 /* SuperCool */,
			);
		};
/* End PBXProject section */

/* Begin PBXResourcesBuildPhase section */
		578A34481C6D83B800BC8569 /* Resources */ = {
			isa = PBXResourcesBuildPhase;
			buildActionMask = 2147483647;
			files = (
				578A34581C6D83B800BC8569 /* LaunchScreen.storyboard in Resources */,
				578A34551C6D83B800BC8569 /* Assets.xcassets in Resources */,
				578A34531C6D83B800BC8569 /* Main.storyboard in Resources */,
			);
			runOnlyForDeploymentPostprocessing = 0;
		};
/* End PBXResourcesBuildPhase section */

/* Begin PBXSourcesBuildPhase section */
		578A34461C6D83B800BC8569 /* Sources */ = {
			isa = PBXSourcesBuildPhase;
			buildActionMask = 2147483647;
			files = (
				578A34501C6D83B800BC8569 /* ViewController.swift in Sources */,
				578A344E1C6D83B800BC8569 /* AppDelegate.swift in Sources */,
			);
			runOnlyForDeploymentPostprocessing = 0;
		};
/* End PBXSourcesBuildPhase section */

/* Begin PBXVariantGroup section */
		578A34511C6D83B800BC8569 /* Main.storyboard */ = {
			isa = PBXVariantGroup;
			children = (
				578A34521C6D83B800BC8569 /* Base */,
			);
			name = Main.storyboard;
			sourceTree = "<group>";
		};
		578A34561C6D83B800BC8569 /* LaunchScreen.storyboard */ = {
			isa = PBXVariantGroup;
			children = (
				578A34571C6D83B800BC8569 /* Base */,
			);
			name = LaunchScreen.storyboard;
			sourceTree = "<group>";
		};
/* End PBXVariantGroup section */

/* Begin XCBuildConfiguration section */
		578A345A1C6D83B800BC8569 /* Debug */ = {
			isa = XCBuildConfiguration;
			buildSettings = {
				ALWAYS_SEARCH_USER_PATHS = NO;
				CLANG_CXX_LANGUAGE_STANDARD = "gnu++0x";
				CLANG_CXX_LIBRARY = "libc++";
				CLANG_ENABLE_MODULES = YES;
				CLANG_ENABLE_OBJC_ARC = YES;
				CLANG_WARN_BOOL_CONVERSION = YES;
				CLANG_WARN_CONSTANT_CONVERSION = YES;
				CLANG_WARN_DIRECT_OBJC_ISA_USAGE = YES_ERROR;
				CLANG_WARN_EMPTY_BODY = YES;
				CLANG_WARN_ENUM_CONVERSION = YES;
				CLANG_WARN_INT_CONVERSION = YES;
				CLANG_WARN_OBJC_ROOT_CLASS = YES_ERROR;
				CLANG_WARN_UNREACHABLE_CODE = YES;
				CLANG_WARN__DUPLICATE_METHOD_MATCH = YES;
				"CODE_SIGN_IDENTITY[sdk=iphoneos*]" = "iPhone Developer";
				COPY_PHASE_STRIP = NO;
				DEBUG_INFORMATION_FORMAT = dwarf;
				ENABLE_STRICT_OBJC_MSGSEND = YES;
				ENABLE_TESTABILITY = YES;
				GCC_C_LANGUAGE_STANDARD = gnu99;
				GCC_DYNAMIC_NO_PIC = NO;
				GCC_NO_COMMON_BLOCKS = YES;
				GCC_OPTIMIZATION_LEVEL = 0;
				GCC_PREPROCESSOR_DEFINITIONS = (
					"DEBUG=1",
					"$(inherited)",
				);
				GCC_WARN_64_TO_32_BIT_CONVERSION = YES;
				GCC_WARN_ABOUT_RETURN_TYPE = YES_ERROR;
				GCC_WARN_UNDECLARED_SELECTOR = YES;
				GCC_WARN_UNINITIALIZED_AUTOS = YES_AGGRESSIVE;
				GCC_WARN_UNUSED_FUNCTION = YES;
				GCC_WARN_UNUSED_VARIABLE = YES;
				IPHONEOS_DEPLOYMENT_TARGET = 9.2;
				MTL_ENABLE_DEBUG_INFO = YES;
				ONLY_ACTIVE_ARCH = YES;
				SDKROOT = iphoneos;
				SWIFT_OPTIMIZATION_LEVEL = "-Onone";
			};
			name = Debug;
		};
		578A345B1C6D83B800BC8569 /* Release */ = {
			isa = XCBuildConfiguration;
			buildSettings = {
				ALWAYS_SEARCH_USER_PATHS = NO;
				CLANG_CXX_LANGUAGE_STANDARD = "gnu++0x";
				CLANG_CXX_LIBRARY = "libc++";
				CLANG_ENABLE_MODULES = YES;
				CLANG_ENABLE_OBJC_ARC = YES;
				CLANG_WARN_BOOL_CONVERSION = YES;
				CLANG_WARN_CONSTANT_CONVERSION = YES;
				CLANG_WARN_DIRECT_OBJC_ISA_USAGE = YES_ERROR;
				CLANG_WARN_EMPTY_BODY = YES;
				CLANG_WARN_ENUM_CONVERSION = YES;
				CLANG_WARN_INT_CONVERSION = YES;
				CLANG_WARN_OBJC_ROOT_CLASS = YES_ERROR;
				CLANG_WARN_UNREACHABLE_CODE = YES;
				CLANG_WARN__DUPLICATE_METHOD_MATCH = YES;
				"CODE_SIGN_IDENTITY[sdk=iphoneos*]" = "iPhone Developer";
				COPY_PHASE_STRIP = NO;
				DEBUG_INFORMATION_FORMAT = "dwarf-with-dsym";
				ENABLE_NS_ASSERTIONS = NO;
				ENABLE_STRICT_OBJC_MSGSEND = YES;
				GCC_C_LANGUAGE_STANDARD = gnu99;
				GCC_NO_COMMON_BLOCKS = YES;
				GCC_WARN_64_TO_32_BIT_CONVERSION = YES;
				GCC_WARN_ABOUT_RETURN_TYPE = YES_ERROR;
				GCC_WARN_UNDECLARED_SELECTOR = YES;
				GCC_WARN_UNINITIALIZED_AUTOS = YES_AGGRESSIVE;
				GCC_WARN_UNUSED_FUNCTION = YES;
				GCC_WARN_UNUSED_VARIABLE = YES;
				IPHONEOS_DEPLOYMENT_TARGET = 9.2;
				MTL_ENABLE_DEBUG_INFO = NO;
				SDKROOT = iphoneos;
				VALIDATE_PRODUCT = YES;
			};
			name = Release;
		};
		578A345D1C6D83B800BC8569 /* Debug */ = {
			isa = XCBuildConfiguration;
			buildSettings = {
				ASSETCATALOG_COMPILER_APPICON_NAME = AppIcon;
				INFOPLIST_FILE = SuperCool/Info.plist;
				LD_RUNPATH_SEARCH_PATHS = "$(inherited) @executable_path/Frameworks";
				PRODUCT_BUNDLE_IDENTIFIER = com.sarao.SuperCool;
				PRODUCT_NAME = "$(TARGET_NAME)";
			};
			name = Debug;
		};
		578A345E1C6D83B800BC8569 /* Release */ = {
			isa = XCBuildConfiguration;
			buildSettings = {
				ASSETCATALOG_COMPILER_APPICON_NAME = AppIcon;
				INFOPLIST_FILE = SuperCool/Info.plist;
				LD_RUNPATH_SEARCH_PATHS = "$(inherited) @executable_path/Frameworks";
				PRODUCT_BUNDLE_IDENTIFIER = com.sarao.SuperCool;
				PRODUCT_NAME = "$(TARGET_NAME)";
			};
			name = Release;
		};
/* End XCBuildConfiguration section */

/* Begin XCConfigurationList section */
		578A34451C6D83B800BC8569 /* Build configuration list for PBXProject "SuperCool" */ = {
			isa = XCConfigurationList;
			buildConfigurations = (
				578A345A1C6D83B800BC8569 /* Debug */,
				578A345B1C6D83B800BC8569 /* Release */,
			);
			defaultConfigurationIsVisible = 0;
			defaultConfigurationName = Release;
		};
		578A345C1C6D83B800BC8569 /* Build configuration list for PBXNativeTarget "SuperCool" */ = {
			isa = XCConfigurationList;
			buildConfigurations = (
				578A345D1C6D83B800BC8569 /* Debug */,
				578A345E1C6D83B800BC8569 /* Release */,
			);
			defaultConfigurationIsVisible = 0;
		};
/* End XCConfigurationList section */
	};
	rootObject = 578A34421C6D83B800BC8569 /* Project object */;
}
